
Microsoft Visual Studio Solution File, Format Version 12.00
# Visual Studio 15
VisualStudioVersion = 15.0.27130.2020
MinimumVisualStudioVersion = 10.0.40219.1
Project("{FAE04EC0-301F-11D3-BF4B-00C04F79EFBC}") = "Hateblo", "Hateblo\Hateblo.csproj", "{AC3410DE-F021-4AC2-AC76-82732752F11B}"
EndProject
Global
	GlobalSection(SolutionConfigurationPlatforms) = preSolution
		Debug|Any CPU = Debug|Any CPU
		Release|Any CPU = Release|Any CPU
	EndGlobalSection
	GlobalSection(ProjectConfigurationPlatforms) = postSolution
		{AC3410DE-F021-4AC2-AC76-82732752F11B}.Debug|Any CPU.ActiveCfg = Debug|Any CPU
		{AC3410DE-F021-4AC2-AC76-82732752F11B}.Debug|Any CPU.Build.0 = Debug|Any CPU
		{AC3410DE-F021-4AC2-AC76-82732752F11B}.Release|Any CPU.ActiveCfg = Release|Any CPU
		{AC3410DE-F021-4AC2-AC76-82732752F11B}.Release|Any CPU.Build.0 = Release|Any CPU
	EndGlobalSection
	GlobalSection(SolutionProperties) = preSolution
		HideSolutionNode = FALSE
	EndGlobalSection
	GlobalSection(ExtensibilityGlobals) = postSolution
		SolutionGuid = {202F041F-3211-4777-AF81-D9DAE8B784AE}
	EndGlobalSection
EndGlobal
